// !$*UTF8*$!
{
	archiveVersion = 1;
	classes = {
	};
	objectVersion = 46;
	objects = {

/* Begin PBXBuildFile section */
		6001759429E6731C00791879 /* 1024.png in Resources */ = {isa = PBXBuildFile; fileRef = 6001759329E6731C00791879 /* 1024.png */; };
		6006A8E629E5275000697542 /* README.md in Resources */ = {isa = PBXBuildFile; fileRef = 6006A8E529E5275000697542 /* README.md */; };
		60D8EFB91E0FF12B00C7036A /* AppDelegate.m in Sources */ = {isa = PBXBuildFile; fileRef = 60D8EFB81E0FF12B00C7036A /* AppDelegate.m */; };
		60D8EFBC1E0FF12B00C7036A /* main.m in Sources */ = {isa = PBXBuildFile; fileRef = 60D8EFBB1E0FF12B00C7036A /* main.m */; };
		60D8EFBE1E0FF12B00C7036A /* Assets.xcassets in Resources */ = {isa = PBXBuildFile; fileRef = 60D8EFBD1E0FF12B00C7036A /* Assets.xcassets */; };
		60D8EFC11E0FF12B00C7036A /* MainMenu.xib in Resources */ = {isa = PBXBuildFile; fileRef = 60D8EFBF1E0FF12B00C7036A /* MainMenu.xib */; };
		60DF0CA029E5234C00096C39 /* keyb_click.riff in Resources */ = {isa = PBXBuildFile; fileRef = 60DF0C9E29E5234C00096C39 /* keyb_click.riff */; };
		60DF0CA129E5234C00096C39 /* ios_click.riff in Resources */ = {isa = PBXBuildFile; fileRef = 60DF0C9F29E5234C00096C39 /* ios_click.riff */; };
/* End PBXBuildFile section */

/* Begin PBXFileReference section */
		6001759329E6731C00791879 /* 1024.png */ = {isa = PBXFileReference; lastKnownFileType = image.png; path = 1024.png; sourceTree = "<group>"; };
		6006A8E529E5275000697542 /* README.md */ = {isa = PBXFileReference; fileEncoding = 4; lastKnownFileType = net.daringfireball.markdown; path = README.md; sourceTree = SOURCE_ROOT; };
		60D8EFB41E0FF12B00C7036A /* KeySay.app */ = {isa = PBXFileReference; explicitFileType = wrapper.application; includeInIndex = 0; path = KeySay.app; sourceTree = BUILT_PRODUCTS_DIR; };
		60D8EFB71E0FF12B00C7036A /* AppDelegate.h */ = {isa = PBXFileReference; lastKnownFileType = sourcecode.c.h; path = AppDelegate.h; sourceTree = "<group>"; };
		60D8EFB81E0FF12B00C7036A /* AppDelegate.m */ = {isa = PBXFileReference; lastKnownFileType = sourcecode.c.objc; path = AppDelegate.m; sourceTree = "<group>"; };
		60D8EFBB1E0FF12B00C7036A /* main.m */ = {isa = PBXFileReference; lastKnownFileType = sourcecode.c.objc; path = main.m; sourceTree = "<group>"; };
		60D8EFBD1E0FF12B00C7036A /* Assets.xcassets */ = {isa = PBXFileReference; lastKnownFileType = folder.assetcatalog; path = Assets.xcassets; sourceTree = "<group>"; };
		60D8EFC01E0FF12B00C7036A /* Base */ = {isa = PBXFileReference; lastKnownFileType = file.xib; name = Base; path = Base.lproj/MainMenu.xib; sourceTree = "<group>"; };
		60D8EFC21E0FF12B00C7036A /* Info.plist */ = {isa = PBXFileReference; lastKnownFileType = text.plist.xml; path = Info.plist; sourceTree = "<group>"; };
		60DF0C9E29E5234C00096C39 /* keyb_click.riff */ = {isa = PBXFileReference; lastKnownFileType = file; path = keyb_click.riff; sourceTree = "<group>"; };
		60DF0C9F29E5234C00096C39 /* ios_click.riff */ = {isa = PBXFileReference; lastKnownFileType = file; path = ios_click.riff; sourceTree = "<group>"; };
/* End PBXFileReference section */

/* Begin PBXFrameworksBuildPhase section */
		60D8EFB11E0FF12B00C7036A /* Frameworks */ = {
			isa = PBXFrameworksBuildPhase;
			buildActionMask = 2147483647;
			files = (
			);
			runOnlyForDeploymentPostprocessing = 0;
		};
/* End PBXFrameworksBuildPhase section */

/* Begin PBXGroup section */
		60D8EFAB1E0FF12B00C7036A = {
			isa = PBXGroup;
			children = (
				60D8EFB61E0FF12B00C7036A /* KeySay */,
				60D8EFB51E0FF12B00C7036A /* Products */,
			);
			sourceTree = "<group>";
		};
		60D8EFB51E0FF12B00C7036A /* Products */ = {
			isa = PBXGroup;
			children = (
				60D8EFB41E0FF12B00C7036A /* KeySay.app */,
			);
			name = Products;
			sourceTree = "<group>";
		};
		60D8EFB61E0FF12B00C7036A /* KeySay */ = {
			isa = PBXGroup;
			children = (
				60D8EFB71E0FF12B00C7036A /* AppDelegate.h */,
				60D8EFB81E0FF12B00C7036A /* AppDelegate.m */,
				60D8EFBD1E0FF12B00C7036A /* Assets.xcassets */,
				60D8EFBF1E0FF12B00C7036A /* MainMenu.xib */,
				60D8EFC21E0FF12B00C7036A /* Info.plist */,
				60DF0C9E29E5234C00096C39 /* keyb_click.riff */,
				60DF0C9F29E5234C00096C39 /* ios_click.riff */,
				6001759329E6731C00791879 /* 1024.png */,
				6006A8E529E5275000697542 /* README.md */,
				60D8EFBA1E0FF12B00C7036A /* Supporting Files */,
			);
			path = KeySay;
			sourceTree = "<group>";
		};
		60D8EFBA1E0FF12B00C7036A /* Supporting Files */ = {
			isa = PBXGroup;
			children = (
				60D8EFBB1E0FF12B00C7036A /* main.m */,
			);
			name = "Supporting Files";
			sourceTree = "<group>";
		};
/* End PBXGroup section */

/* Begin PBXNativeTarget section */
		60D8EFB31E0FF12B00C7036A /* KeySay */ = {
			isa = PBXNativeTarget;
			buildConfigurationList = 60D8EFC51E0FF12B00C7036A /* Build configuration list for PBXNativeTarget "KeySay" */;
			buildPhases = (
				60D8EFB01E0FF12B00C7036A /* Sources */,
				60D8EFB11E0FF12B00C7036A /* Frameworks */,
				60D8EFB21E0FF12B00C7036A /* Resources */,
			);
			buildRules = (
			);
			dependencies = (
			);
			name = KeySay;
			productName = BCDClock;
			productReference = 60D8EFB41E0FF12B00C7036A /* KeySay.app */;
			productType = "com.apple.product-type.application";
		};
/* End PBXNativeTarget section */

/* Begin PBXProject section */
		60D8EFAC1E0FF12B00C7036A /* Project object */ = {
			isa = PBXProject;
			attributes = {
				LastUpgradeCheck = 1320;
				ORGANIZATIONNAME = "Denis Ionov";
				TargetAttributes = {
					60D8EFB31E0FF12B00C7036A = {
						CreatedOnToolsVersion = 8.2;
						ProvisioningStyle = Automatic;
					};
				};
			};
			buildConfigurationList = 60D8EFAF1E0FF12B00C7036A /* Build configuration list for PBXProject "KeySay" */;
			compatibilityVersion = "Xcode 3.2";
			developmentRegion = en;
			hasScannedForEncodings = 0;
			knownRegions = (
				en,
				Base,
			);
			mainGroup = 60D8EFAB1E0FF12B00C7036A;
			productRefGroup = 60D8EFB51E0FF12B00C7036A /* Products */;
			projectDirPath = "";
			projectRoot = "";
			targets = (
				60D8EFB31E0FF12B00C7036A /* KeySay */,
			);
		};
/* End PBXProject section */

/* Begin PBXResourcesBuildPhase section */
		60D8EFB21E0FF12B00C7036A /* Resources */ = {
			isa = PBXResourcesBuildPhase;
			buildActionMask = 2147483647;
			files = (
				6001759429E6731C00791879 /* 1024.png in Resources */,
				60D8EFBE1E0FF12B00C7036A /* Assets.xcassets in Resources */,
				60DF0CA029E5234C00096C39 /* keyb_click.riff in Resources */,
				6006A8E629E5275000697542 /* README.md in Resources */,
				60D8EFC11E0FF12B00C7036A /* MainMenu.xib in Resources */,
				60DF0CA129E5234C00096C39 /* ios_click.riff in Resources */,
			);
			runOnlyForDeploymentPostprocessing = 0;
		};
/* End PBXResourcesBuildPhase section */

/* Begin PBXSourcesBuildPhase section */
		60D8EFB01E0FF12B00C7036A /* Sources */ = {
			isa = PBXSourcesBuildPhase;
			buildActionMask = 2147483647;
			files = (
				60D8EFBC1E0FF12B00C7036A /* main.m in Sources */,
				60D8EFB91E0FF12B00C7036A /* AppDelegate.m in Sources */,
			);
			runOnlyForDeploymentPostprocessing = 0;
		};
/* End PBXSourcesBuildPhase section */

/* Begin PBXVariantGroup section */
		60D8EFBF1E0FF12B00C7036A /* MainMenu.xib */ = {
			isa = PBXVariantGroup;
			children = (
				60D8EFC01E0FF12B00C7036A /* Base */,
			);
			name = MainMenu.xib;
			sourceTree = "<group>";
		};
/* End PBXVariantGroup section */

/* Begin XCBuildConfiguration section */
		60D8EFC31E0FF12B00C7036A /* Debug */ = {
			isa = XCBuildConfiguration;
			buildSettings = {
				ALWAYS_SEARCH_USER_PATHS = NO;
				CLANG_ANALYZER_LOCALIZABILITY_NONLOCALIZED = YES;
				CLANG_ANALYZER_NONNULL = YES;
				CLANG_CXX_LANGUAGE_STANDARD = "gnu++0x";
				CLANG_CXX_LIBRARY = "libc++";
				CLANG_ENABLE_MODULES = YES;
				CLANG_ENABLE_OBJC_ARC = YES;
				CLANG_WARN_BLOCK_CAPTURE_AUTORELEASING = YES;
				CLANG_WARN_BOOL_CONVERSION = YES;
				CLANG_WARN_COMMA = YES;
				CLANG_WARN_CONSTANT_CONVERSION = YES;
				CLANG_WARN_DEPRECATED_OBJC_IMPLEMENTATIONS = YES;
				CLANG_WARN_DIRECT_OBJC_ISA_USAGE = YES_ERROR;
				CLANG_WARN_DOCUMENTATION_COMMENTS = YES;
				CLANG_WARN_EMPTY_BODY = YES;
				CLANG_WARN_ENUM_CONVERSION = YES;
				CLANG_WARN_INFINITE_RECURSION = YES;
				CLANG_WARN_INT_CONVERSION = YES;
				CLANG_WARN_NON_LITERAL_NULL_CONVERSION = YES;
				CLANG_WARN_OBJC_IMPLICIT_RETAIN_SELF = YES;
				CLANG_WARN_OBJC_LITERAL_CONVERSION = YES;
				CLANG_WARN_OBJC_ROOT_CLASS = YES_ERROR;
				CLANG_WARN_QUOTED_INCLUDE_IN_FRAMEWORK_HEADER = YES;
				CLANG_WARN_RANGE_LOOP_ANALYSIS = YES;
				CLANG_WARN_STRICT_PROTOTYPES = YES;
				CLANG_WARN_SUSPICIOUS_MOVE = YES;
				CLANG_WARN_UNREACHABLE_CODE = YES;
				CLANG_WARN__DUPLICATE_METHOD_MATCH = YES;
				CODE_SIGN_IDENTITY = "-";
				COPY_PHASE_STRIP = NO;
				DEBUG_INFORMATION_FORMAT = dwarf;
				ENABLE_STRICT_OBJC_MSGSEND = YES;
				ENABLE_TESTABILITY = YES;
				GCC_C_LANGUAGE_STANDARD = gnu99;
				GCC_DYNAMIC_NO_PIC = NO;
				GCC_NO_COMMON_BLOCKS = YES;
				GCC_OPTIMIZATION_LEVEL = 0;
				GCC_PREPROCESSOR_DEFINITIONS = (
					"DEBUG=1",
					"$(inherited)",
				);
				GCC_WARN_64_TO_32_BIT_CONVERSION = YES;
				GCC_WARN_ABOUT_RETURN_TYPE = YES_ERROR;
				GCC_WARN_UNDECLARED_SELECTOR = YES;
				GCC_WARN_UNINITIALIZED_AUTOS = YES_AGGRESSIVE;
				GCC_WARN_UNUSED_FUNCTION = YES;
				GCC_WARN_UNUSED_VARIABLE = YES;
				MACOSX_DEPLOYMENT_TARGET = 10.11;
				MTL_ENABLE_DEBUG_INFO = YES;
				ONLY_ACTIVE_ARCH = YES;
				SDKROOT = macosx;
			};
			name = Debug;
		};
		60D8EFC41E0FF12B00C7036A /* Release */ = {
			isa = XCBuildConfiguration;
			buildSettings = {
				ALWAYS_SEARCH_USER_PATHS = NO;
				CLANG_ANALYZER_LOCALIZABILITY_NONLOCALIZED = YES;
				CLANG_ANALYZER_NONNULL = YES;
				CLANG_CXX_LANGUAGE_STANDARD = "gnu++0x";
				CLANG_CXX_LIBRARY = "libc++";
				CLANG_ENABLE_MODULES = YES;
				CLANG_ENABLE_OBJC_ARC = YES;
				CLANG_WARN_BLOCK_CAPTURE_AUTORELEASING = YES;
				CLANG_WARN_BOOL_CONVERSION = YES;
				CLANG_WARN_COMMA = YES;
				CLANG_WARN_CONSTANT_CONVERSION = YES;
				CLANG_WARN_DEPRECATED_OBJC_IMPLEMENTATIONS = YES;
				CLANG_WARN_DIRECT_OBJC_ISA_USAGE = YES_ERROR;
				CLANG_WARN_DOCUMENTATION_COMMENTS = YES;
				CLANG_WARN_EMPTY_BODY = YES;
				CLANG_WARN_ENUM_CONVERSION = YES;
				CLANG_WARN_INFINITE_RECURSION = YES;
				CLANG_WARN_INT_CONVERSION = YES;
				CLANG_WARN_NON_LITERAL_NULL_CONVERSION = YES;
				CLANG_WARN_OBJC_IMPLICIT_RETAIN_SELF = YES;
				CLANG_WARN_OBJC_LITERAL_CONVERSION = YES;
				CLANG_WARN_OBJC_ROOT_CLASS = YES_ERROR;
				CLANG_WARN_QUOTED_INCLUDE_IN_FRAMEWORK_HEADER = YES;
				CLANG_WARN_RANGE_LOOP_ANALYSIS = YES;
				CLANG_WARN_STRICT_PROTOTYPES = YES;
				CLANG_WARN_SUSPICIOUS_MOVE = YES;
				CLANG_WARN_UNREACHABLE_CODE = YES;
				CLANG_WARN__DUPLICATE_METHOD_MATCH = YES;
				CODE_SIGN_IDENTITY = "-";
				COPY_PHASE_STRIP = NO;
				DEBUG_INFORMATION_FORMAT = "dwarf-with-dsym";
				ENABLE_NS_ASSERTIONS = NO;
				ENABLE_STRICT_OBJC_MSGSEND = YES;
				GCC_C_LANGUAGE_STANDARD = gnu99;
				GCC_NO_COMMON_BLOCKS = YES;
				GCC_WARN_64_TO_32_BIT_CONVERSION = YES;
				GCC_WARN_ABOUT_RETURN_TYPE = YES_ERROR;
				GCC_WARN_UNDECLARED_SELECTOR = YES;
				GCC_WARN_UNINITIALIZED_AUTOS = YES_AGGRESSIVE;
				GCC_WARN_UNUSED_FUNCTION = YES;
				GCC_WARN_UNUSED_VARIABLE = YES;
				MACOSX_DEPLOYMENT_TARGET = 10.11;
				MTL_ENABLE_DEBUG_INFO = NO;
				SDKROOT = macosx;
			};
			name = Release;
		};
		60D8EFC61E0FF12B00C7036A /* Debug */ = {
			isa = XCBuildConfiguration;
			buildSettings = {
				ASSETCATALOG_COMPILER_APPICON_NAME = AppIcon;
				ASSETCATALOG_COMPILER_INCLUDE_ALL_APPICON_ASSETS = YES;
				CODE_SIGN_IDENTITY = "-";
				COMBINE_HIDPI_IMAGES = YES;
				CURRENT_PROJECT_VERSION = 4;
				INFOPLIST_FILE = KeySay/Info.plist;
				INFOPLIST_KEY_CFBundleDisplayName = KeySay;
				LD_RUNPATH_SEARCH_PATHS = "$(inherited) @executable_path/../Frameworks";
				MARKETING_VERSION = 0.1;
				PRODUCT_BUNDLE_IDENTIFIER = ru.dennisionov.KeySay;
				PRODUCT_NAME = "$(TARGET_NAME)";
			};
			name = Debug;
		};
		60D8EFC71E0FF12B00C7036A /* Release */ = {
			isa = XCBuildConfiguration;
			buildSettings = {
				ASSETCATALOG_COMPILER_APPICON_NAME = AppIcon;
				ASSETCATALOG_COMPILER_INCLUDE_ALL_APPICON_ASSETS = YES;
				CODE_SIGN_IDENTITY = "-";
				COMBINE_HIDPI_IMAGES = YES;
				CURRENT_PROJECT_VERSION = 4;
				INFOPLIST_FILE = KeySay/Info.plist;
				INFOPLIST_KEY_CFBundleDisplayName = KeySay;
				LD_RUNPATH_SEARCH_PATHS = "$(inherited) @executable_path/../Frameworks";
				MARKETING_VERSION = 0.1;
				PRODUCT_BUNDLE_IDENTIFIER = ru.dennisionov.KeySay;
				PRODUCT_NAME = "$(TARGET_NAME)";
			};
			name = Release;
		};
/* End XCBuildConfiguration section */

/* Begin XCConfigurationList section */
		60D8EFAF1E0FF12B00C7036A /* Build configuration list for PBXProject "KeySay" */ = {
			isa = XCConfigurationList;
			buildConfigurations = (
				60D8EFC31E0FF12B00C7036A /* Debug */,
				60D8EFC41E0FF12B00C7036A /* Release */,
			);
			defaultConfigurationIsVisible = 0;
			defaultConfigurationName = Release;
		};
		60D8EFC51E0FF12B00C7036A /* Build configuration list for PBXNativeTarget "KeySay" */ = {
			isa = XCConfigurationList;
			buildConfigurations = (
				60D8EFC61E0FF12B00C7036A /* Debug */,
				60D8EFC71E0FF12B00C7036A /* Release */,
			);
			defaultConfigurationIsVisible = 0;
			defaultConfigurationName = Release;
		};
/* End XCConfigurationList section */
	};
	rootObject = 60D8EFAC1E0FF12B00C7036A /* Project object */;
}
